
Microsoft Visual Studio Solution File, Format Version 12.00
# Visual Studio Version 17
VisualStudioVersion = 17.0.31903.59
MinimumVisualStudioVersion = 10.0.40219.1
Project("{2150E333-8FDC-42A3-9474-1A3956D46DE8}") = "src", "src", "{8D183A3A-3F6A-4661-B633-92ACDEAD2989}"
EndProject
Project("{2150E333-8FDC-42A3-9474-1A3956D46DE8}") = "FirstEdgeSolution", "FirstEdgeSolution", "{94A4C196-60C5-4CBE-BD3F-90801D393F83}"
EndProject
Project("{2150E333-8FDC-42A3-9474-1A3956D46DE8}") = "modules", "modules", "{DD2105C1-903C-4247-89B0-598AAC1006F8}"
EndProject
Project("{FAE04EC0-301F-11D3-BF4B-00C04F79EFBC}") = "SampleModule", "src\FirstEdgeSolution\modules\SampleModule\SampleModule.csproj", "{F0A87244-CE4A-4826-90FF-D25B30266FA0}"
EndProject
Project("{2150E333-8FDC-42A3-9474-1A3956D46DE8}") = "DatabaseProject", "DatabaseProject", "{FD1E06B5-1181-4F75-A2E6-33B77EBA9CB0}"
EndProject
Project("{FAE04EC0-301F-11D3-BF4B-00C04F79EFBC}") = "DatabaseProjectTest", "src\DatabaseProject\DatabaseProjectTest\DatabaseProjectTest.sqlproj", "{C96886E6-5EB9-4DA1-A7DD-F8ED49CEF608}"
EndProject
Project("{2150E333-8FDC-42A3-9474-1A3956D46DE8}") = "external", "external", "{16786D45-CE73-4203-A1F7-11D90A8DFAF0}"
EndProject
Project("{2150E333-8FDC-42A3-9474-1A3956D46DE8}") = "iotedge", "iotedge", "{412A1258-142F-47D1-A41E-7BCD0CA83B2F}"
EndProject
Project("{2150E333-8FDC-42A3-9474-1A3956D46DE8}") = "edge-modules", "edge-modules", "{05C7B607-063B-4873-AD12-463577A6F3C5}"
EndProject
Project("{2150E333-8FDC-42A3-9474-1A3956D46DE8}") = "functions", "functions", "{D956EFA4-CC05-4A1A-BA2C-810A0276E9B8}"
EndProject
Project("{2150E333-8FDC-42A3-9474-1A3956D46DE8}") = "binding", "binding", "{65D07E46-BDBC-4B23-9AC1-0F1D42E393C8}"
EndProject
Project("{2150E333-8FDC-42A3-9474-1A3956D46DE8}") = "src", "src", "{E42BCE89-E561-4BD8-88E6-C8395482BA73}"
EndProject
Project("{FAE04EC0-301F-11D3-BF4B-00C04F79EFBC}") = "Microsoft.Azure.WebJobs.Extensions.EdgeHub", "external\iotedge\edge-modules\functions\binding\src\Microsoft.Azure.WebJobs.Extensions.EdgeHub\Microsoft.Azure.WebJobs.Extensions.EdgeHub.csproj", "{DE0DDDAA-C71C-4079-A27B-EC4A0FAEEB52}"
EndProject
Global
	GlobalSection(SolutionConfigurationPlatforms) = preSolution
		Debug|Any CPU = Debug|Any CPU
		Release|Any CPU = Release|Any CPU
	EndGlobalSection
	GlobalSection(SolutionProperties) = preSolution
		HideSolutionNode = FALSE
	EndGlobalSection
	GlobalSection(ProjectConfigurationPlatforms) = postSolution
		{F0A87244-CE4A-4826-90FF-D25B30266FA0}.Debug|Any CPU.ActiveCfg = Debug|Any CPU
		{F0A87244-CE4A-4826-90FF-D25B30266FA0}.Debug|Any CPU.Build.0 = Debug|Any CPU
		{F0A87244-CE4A-4826-90FF-D25B30266FA0}.Release|Any CPU.ActiveCfg = Release|Any CPU
		{F0A87244-CE4A-4826-90FF-D25B30266FA0}.Release|Any CPU.Build.0 = Release|Any CPU
		{C96886E6-5EB9-4DA1-A7DD-F8ED49CEF608}.Debug|Any CPU.ActiveCfg = Debug|Any CPU
		{C96886E6-5EB9-4DA1-A7DD-F8ED49CEF608}.Debug|Any CPU.Build.0 = Debug|Any CPU
		{C96886E6-5EB9-4DA1-A7DD-F8ED49CEF608}.Release|Any CPU.ActiveCfg = Release|Any CPU
		{C96886E6-5EB9-4DA1-A7DD-F8ED49CEF608}.Release|Any CPU.Build.0 = Release|Any CPU
		{DE0DDDAA-C71C-4079-A27B-EC4A0FAEEB52}.Debug|Any CPU.ActiveCfg = Debug|Any CPU
		{DE0DDDAA-C71C-4079-A27B-EC4A0FAEEB52}.Debug|Any CPU.Build.0 = Debug|Any CPU
		{DE0DDDAA-C71C-4079-A27B-EC4A0FAEEB52}.Release|Any CPU.ActiveCfg = Release|Any CPU
		{DE0DDDAA-C71C-4079-A27B-EC4A0FAEEB52}.Release|Any CPU.Build.0 = Release|Any CPU
	EndGlobalSection
	GlobalSection(NestedProjects) = preSolution
		{94A4C196-60C5-4CBE-BD3F-90801D393F83} = {8D183A3A-3F6A-4661-B633-92ACDEAD2989}
		{DD2105C1-903C-4247-89B0-598AAC1006F8} = {94A4C196-60C5-4CBE-BD3F-90801D393F83}
		{F0A87244-CE4A-4826-90FF-D25B30266FA0} = {DD2105C1-903C-4247-89B0-598AAC1006F8}
		{FD1E06B5-1181-4F75-A2E6-33B77EBA9CB0} = {8D183A3A-3F6A-4661-B633-92ACDEAD2989}
		{C96886E6-5EB9-4DA1-A7DD-F8ED49CEF608} = {FD1E06B5-1181-4F75-A2E6-33B77EBA9CB0}
		{412A1258-142F-47D1-A41E-7BCD0CA83B2F} = {16786D45-CE73-4203-A1F7-11D90A8DFAF0}
		{05C7B607-063B-4873-AD12-463577A6F3C5} = {412A1258-142F-47D1-A41E-7BCD0CA83B2F}
		{D956EFA4-CC05-4A1A-BA2C-810A0276E9B8} = {05C7B607-063B-4873-AD12-463577A6F3C5}
		{65D07E46-BDBC-4B23-9AC1-0F1D42E393C8} = {D956EFA4-CC05-4A1A-BA2C-810A0276E9B8}
		{E42BCE89-E561-4BD8-88E6-C8395482BA73} = {65D07E46-BDBC-4B23-9AC1-0F1D42E393C8}
		{DE0DDDAA-C71C-4079-A27B-EC4A0FAEEB52} = {E42BCE89-E561-4BD8-88E6-C8395482BA73}
	EndGlobalSection
EndGlobal
